
Microsoft Visual Studio Solution File, Format Version 12.00
# Visual Studio Version 17
VisualStudioVersion = 17.7.34024.191
MinimumVisualStudioVersion = 10.0.40219.1
Project("{2150E333-8FDC-42A3-9474-1A3956D46DE8}") = "0.Solution Items", "0.Solution Items", "{F1FB9B95-DAE5-4D7C-9C6B-680F856F3DE9}"
	ProjectSection(SolutionItems) = preProject
		README.MD = README.MD
	EndProjectSection
EndProject
Project("{9A19103F-16F7-4668-BE54-9A1E7A4F7556}") = "CuaHangSach.Data", "CuaHangSach.Data\CuaHangSach.Data.csproj", "{8AFF813F-E357-4A69-9355-ED39C9CE08C1}"
EndProject
Project("{9A19103F-16F7-4668-BE54-9A1E7A4F7556}") = "CuaHangSach.Application", "CuaHangSach.Application\CuaHangSach.Application.csproj", "{1C6CFD24-B54F-48DA-86F7-332A471D4708}"
EndProject
Project("{9A19103F-16F7-4668-BE54-9A1E7A4F7556}") = "CuaHangSach.WebApp", "CuaHangSach.WebApp\CuaHangSach.WebApp.csproj", "{33AE60CF-3A5E-4DF6-9C50-49C08CA09578}"
EndProject
Project("{9A19103F-16F7-4668-BE54-9A1E7A4F7556}") = "CuaHangSach.Utilities", "CuaHangSach.Utilities\CuaHangSach.Utilities.csproj", "{40896EE5-CDD5-4175-8831-F86460834E26}"
EndProject
Project("{9A19103F-16F7-4668-BE54-9A1E7A4F7556}") = "CuaHangSach.ViewModels", "CuaHangSach.ViewModels\CuaHangSach.ViewModels.csproj", "{79100A16-E6F0-4265-AA96-2EC1929B3AFC}"
EndProject
Project("{9A19103F-16F7-4668-BE54-9A1E7A4F7556}") = "CuaHangSach.BackendApi", "CuaHangSach.BackendApi\CuaHangSach.BackendApi.csproj", "{832D90AC-9557-4CC3-B150-820A6187C533}"
EndProject
Project("{2150E333-8FDC-42A3-9474-1A3956D46DE8}") = "1.Infrastructure", "1.Infrastructure", "{D07FFA05-110F-442C-AAAA-A8016B4D1528}"
EndProject
Project("{2150E333-8FDC-42A3-9474-1A3956D46DE8}") = "2.Domain", "2.Domain", "{8263D168-8F44-4BAA-BD28-80B13D029523}"
EndProject
Project("{2150E333-8FDC-42A3-9474-1A3956D46DE8}") = "3.Hosts", "3.Hosts", "{EDADF766-AE75-41DF-824A-3E0A58AFC743}"
EndProject
Project("{FAE04EC0-301F-11D3-BF4B-00C04F79EFBC}") = "CuaHangSach.AdminApp", "CuaHangSach.AdminApp\CuaHangSach.AdminApp.csproj", "{9BC37C1B-ECDD-4EE2-81C4-23E4FCEE50FC}"
EndProject
Global
	GlobalSection(SolutionConfigurationPlatforms) = preSolution
		Debug|Any CPU = Debug|Any CPU
		Release|Any CPU = Release|Any CPU
	EndGlobalSection
	GlobalSection(ProjectConfigurationPlatforms) = postSolution
		{8AFF813F-E357-4A69-9355-ED39C9CE08C1}.Debug|Any CPU.ActiveCfg = Debug|Any CPU
		{8AFF813F-E357-4A69-9355-ED39C9CE08C1}.Debug|Any CPU.Build.0 = Debug|Any CPU
		{8AFF813F-E357-4A69-9355-ED39C9CE08C1}.Release|Any CPU.ActiveCfg = Release|Any CPU
		{8AFF813F-E357-4A69-9355-ED39C9CE08C1}.Release|Any CPU.Build.0 = Release|Any CPU
		{1C6CFD24-B54F-48DA-86F7-332A471D4708}.Debug|Any CPU.ActiveCfg = Debug|Any CPU
		{1C6CFD24-B54F-48DA-86F7-332A471D4708}.Debug|Any CPU.Build.0 = Debug|Any CPU
		{1C6CFD24-B54F-48DA-86F7-332A471D4708}.Release|Any CPU.ActiveCfg = Release|Any CPU
		{1C6CFD24-B54F-48DA-86F7-332A471D4708}.Release|Any CPU.Build.0 = Release|Any CPU
		{33AE60CF-3A5E-4DF6-9C50-49C08CA09578}.Debug|Any CPU.ActiveCfg = Debug|Any CPU
		{33AE60CF-3A5E-4DF6-9C50-49C08CA09578}.Debug|Any CPU.Build.0 = Debug|Any CPU
		{33AE60CF-3A5E-4DF6-9C50-49C08CA09578}.Release|Any CPU.ActiveCfg = Release|Any CPU
		{33AE60CF-3A5E-4DF6-9C50-49C08CA09578}.Release|Any CPU.Build.0 = Release|Any CPU
		{40896EE5-CDD5-4175-8831-F86460834E26}.Debug|Any CPU.ActiveCfg = Debug|Any CPU
		{40896EE5-CDD5-4175-8831-F86460834E26}.Debug|Any CPU.Build.0 = Debug|Any CPU
		{40896EE5-CDD5-4175-8831-F86460834E26}.Release|Any CPU.ActiveCfg = Release|Any CPU
		{40896EE5-CDD5-4175-8831-F86460834E26}.Release|Any CPU.Build.0 = Release|Any CPU
		{79100A16-E6F0-4265-AA96-2EC1929B3AFC}.Debug|Any CPU.ActiveCfg = Debug|Any CPU
		{79100A16-E6F0-4265-AA96-2EC1929B3AFC}.Debug|Any CPU.Build.0 = Debug|Any CPU
		{79100A16-E6F0-4265-AA96-2EC1929B3AFC}.Release|Any CPU.ActiveCfg = Release|Any CPU
		{79100A16-E6F0-4265-AA96-2EC1929B3AFC}.Release|Any CPU.Build.0 = Release|Any CPU
		{832D90AC-9557-4CC3-B150-820A6187C533}.Debug|Any CPU.ActiveCfg = Debug|Any CPU
		{832D90AC-9557-4CC3-B150-820A6187C533}.Debug|Any CPU.Build.0 = Debug|Any CPU
		{832D90AC-9557-4CC3-B150-820A6187C533}.Release|Any CPU.ActiveCfg = Release|Any CPU
		{832D90AC-9557-4CC3-B150-820A6187C533}.Release|Any CPU.Build.0 = Release|Any CPU
		{9BC37C1B-ECDD-4EE2-81C4-23E4FCEE50FC}.Debug|Any CPU.ActiveCfg = Debug|Any CPU
		{9BC37C1B-ECDD-4EE2-81C4-23E4FCEE50FC}.Debug|Any CPU.Build.0 = Debug|Any CPU
		{9BC37C1B-ECDD-4EE2-81C4-23E4FCEE50FC}.Release|Any CPU.ActiveCfg = Release|Any CPU
		{9BC37C1B-ECDD-4EE2-81C4-23E4FCEE50FC}.Release|Any CPU.Build.0 = Release|Any CPU
	EndGlobalSection
	GlobalSection(SolutionProperties) = preSolution
		HideSolutionNode = FALSE
	EndGlobalSection
	GlobalSection(NestedProjects) = preSolution
		{8AFF813F-E357-4A69-9355-ED39C9CE08C1} = {8263D168-8F44-4BAA-BD28-80B13D029523}
		{1C6CFD24-B54F-48DA-86F7-332A471D4708} = {8263D168-8F44-4BAA-BD28-80B13D029523}
		{33AE60CF-3A5E-4DF6-9C50-49C08CA09578} = {EDADF766-AE75-41DF-824A-3E0A58AFC743}
		{40896EE5-CDD5-4175-8831-F86460834E26} = {D07FFA05-110F-442C-AAAA-A8016B4D1528}
		{79100A16-E6F0-4265-AA96-2EC1929B3AFC} = {D07FFA05-110F-442C-AAAA-A8016B4D1528}
		{832D90AC-9557-4CC3-B150-820A6187C533} = {EDADF766-AE75-41DF-824A-3E0A58AFC743}
		{9BC37C1B-ECDD-4EE2-81C4-23E4FCEE50FC} = {EDADF766-AE75-41DF-824A-3E0A58AFC743}
	EndGlobalSection
	GlobalSection(ExtensibilityGlobals) = postSolution
		SolutionGuid = {31F97B38-2CDA-4CEC-8698-ACFBF4DE8E0F}
	EndGlobalSection
EndGlobal
